// !$*UTF8*$!
{
	archiveVersion = 1;
	classes = {
	};
	objectVersion = 52;
	objects = {

/* Begin PBXBuildFile section */
		309430082331058400794F8D /* SearchStringObservable.swift in Sources */ = {isa = PBXBuildFile; fileRef = 309430072331058400794F8D /* SearchStringObservable.swift */; };
		4D5B5646232B87A900AFD8D0 /* AppDelegate.swift in Sources */ = {isa = PBXBuildFile; fileRef = 4D5B5645232B87A900AFD8D0 /* AppDelegate.swift */; };
		4D5B5648232B87A900AFD8D0 /* SceneDelegate.swift in Sources */ = {isa = PBXBuildFile; fileRef = 4D5B5647232B87A900AFD8D0 /* SceneDelegate.swift */; };
		4D5B564A232B87A900AFD8D0 /* HomeView.swift in Sources */ = {isa = PBXBuildFile; fileRef = 4D5B5649232B87A900AFD8D0 /* HomeView.swift */; };
		4D5B564C232B87AB00AFD8D0 /* Assets.xcassets in Resources */ = {isa = PBXBuildFile; fileRef = 4D5B564B232B87AB00AFD8D0 /* Assets.xcassets */; };
		4D5B564F232B87AB00AFD8D0 /* Preview Assets.xcassets in Resources */ = {isa = PBXBuildFile; fileRef = 4D5B564E232B87AB00AFD8D0 /* Preview Assets.xcassets */; };
		4D5B5652232B87AB00AFD8D0 /* LaunchScreen.storyboard in Resources */ = {isa = PBXBuildFile; fileRef = 4D5B5650232B87AB00AFD8D0 /* LaunchScreen.storyboard */; };
		4D5B5676232B8EBC00AFD8D0 /* ColorsEnum.swift in Sources */ = {isa = PBXBuildFile; fileRef = 4D5B5675232B8EBC00AFD8D0 /* ColorsEnum.swift */; };
		4D5B5685232B92A300AFD8D0 /* Amount.swift in Sources */ = {isa = PBXBuildFile; fileRef = 4D5B567A232B92A200AFD8D0 /* Amount.swift */; };
		4D5B5686232B92A300AFD8D0 /* Volume.swift in Sources */ = {isa = PBXBuildFile; fileRef = 4D5B567B232B92A200AFD8D0 /* Volume.swift */; };
		4D5B5687232B92A300AFD8D0 /* Beer.swift in Sources */ = {isa = PBXBuildFile; fileRef = 4D5B567C232B92A200AFD8D0 /* Beer.swift */; };
		4D5B5688232B92A300AFD8D0 /* Temp.swift in Sources */ = {isa = PBXBuildFile; fileRef = 4D5B567D232B92A200AFD8D0 /* Temp.swift */; };
		4D5B5689232B92A300AFD8D0 /* Fermentation.swift in Sources */ = {isa = PBXBuildFile; fileRef = 4D5B567E232B92A200AFD8D0 /* Fermentation.swift */; };
		4D5B568A232B92A300AFD8D0 /* Hops.swift in Sources */ = {isa = PBXBuildFile; fileRef = 4D5B567F232B92A200AFD8D0 /* Hops.swift */; };
		4D5B568B232B92A300AFD8D0 /* Method.swift in Sources */ = {isa = PBXBuildFile; fileRef = 4D5B5680232B92A200AFD8D0 /* Method.swift */; };
		4D5B568C232B92A300AFD8D0 /* Malt.swift in Sources */ = {isa = PBXBuildFile; fileRef = 4D5B5681232B92A200AFD8D0 /* Malt.swift */; };
		4D5B568D232B92A300AFD8D0 /* MashTemp.swift in Sources */ = {isa = PBXBuildFile; fileRef = 4D5B5682232B92A300AFD8D0 /* MashTemp.swift */; };
		4D5B568E232B92A300AFD8D0 /* BoilVolume.swift in Sources */ = {isa = PBXBuildFile; fileRef = 4D5B5683232B92A300AFD8D0 /* BoilVolume.swift */; };
		4D5B568F232B92A300AFD8D0 /* Ingredients.swift in Sources */ = {isa = PBXBuildFile; fileRef = 4D5B5684232B92A300AFD8D0 /* Ingredients.swift */; };
		4D5B5693232B92F300AFD8D0 /* API.swift in Sources */ = {isa = PBXBuildFile; fileRef = 4D5B5691232B92F300AFD8D0 /* API.swift */; };
		4D5B5694232B92F300AFD8D0 /* NetworkManager.swift in Sources */ = {isa = PBXBuildFile; fileRef = 4D5B5692232B92F300AFD8D0 /* NetworkManager.swift */; };
		4D5B5698232B95B300AFD8D0 /* URLImage in Frameworks */ = {isa = PBXBuildFile; productRef = 4D5B5697232B95B300AFD8D0 /* URLImage */; };
		4D5B569A232B970800AFD8D0 /* BeerListItem.swift in Sources */ = {isa = PBXBuildFile; fileRef = 4D5B5699232B970800AFD8D0 /* BeerListItem.swift */; };
		4D5B569C232B987800AFD8D0 /* SharedMock.swift in Sources */ = {isa = PBXBuildFile; fileRef = 4D5B569B232B987800AFD8D0 /* SharedMock.swift */; };
		4D5B569E232B98CA00AFD8D0 /* Beers.json in Resources */ = {isa = PBXBuildFile; fileRef = 4D5B569D232B98CA00AFD8D0 /* Beers.json */; };
		4D5B56A0232BA56300AFD8D0 /* HomeViewModel.swift in Sources */ = {isa = PBXBuildFile; fileRef = 4D5B569F232BA56300AFD8D0 /* HomeViewModel.swift */; };
		56C6184FB8FD8DD8E3536119 /* Pods_The_Beer_Project___SwiftUI.framework in Frameworks */ = {isa = PBXBuildFile; fileRef = C7AE9F3F8F802CA1E568287C /* Pods_The_Beer_Project___SwiftUI.framework */; };
/* End PBXBuildFile section */

/* Begin PBXFileReference section */
		086DB973C9451148B1E59509 /* Pods-The Beer Project - SwiftUI.release.xcconfig */ = {isa = PBXFileReference; includeInIndex = 1; lastKnownFileType = text.xcconfig; name = "Pods-The Beer Project - SwiftUI.release.xcconfig"; path = "Target Support Files/Pods-The Beer Project - SwiftUI/Pods-The Beer Project - SwiftUI.release.xcconfig"; sourceTree = "<group>"; };
		309430072331058400794F8D /* SearchStringObservable.swift */ = {isa = PBXFileReference; lastKnownFileType = sourcecode.swift; path = SearchStringObservable.swift; sourceTree = "<group>"; };
		4D5B5642232B87A900AFD8D0 /* The Beer Project - SwiftUI.app */ = {isa = PBXFileReference; explicitFileType = wrapper.application; includeInIndex = 0; path = "The Beer Project - SwiftUI.app"; sourceTree = BUILT_PRODUCTS_DIR; };
		4D5B5645232B87A900AFD8D0 /* AppDelegate.swift */ = {isa = PBXFileReference; lastKnownFileType = sourcecode.swift; path = AppDelegate.swift; sourceTree = "<group>"; };
		4D5B5647232B87A900AFD8D0 /* SceneDelegate.swift */ = {isa = PBXFileReference; lastKnownFileType = sourcecode.swift; path = SceneDelegate.swift; sourceTree = "<group>"; };
		4D5B5649232B87A900AFD8D0 /* HomeView.swift */ = {isa = PBXFileReference; lastKnownFileType = sourcecode.swift; path = HomeView.swift; sourceTree = "<group>"; };
		4D5B564B232B87AB00AFD8D0 /* Assets.xcassets */ = {isa = PBXFileReference; lastKnownFileType = folder.assetcatalog; path = Assets.xcassets; sourceTree = "<group>"; };
		4D5B564E232B87AB00AFD8D0 /* Preview Assets.xcassets */ = {isa = PBXFileReference; lastKnownFileType = folder.assetcatalog; path = "Preview Assets.xcassets"; sourceTree = "<group>"; };
		4D5B5651232B87AB00AFD8D0 /* Base */ = {isa = PBXFileReference; lastKnownFileType = file.storyboard; name = Base; path = Base.lproj/LaunchScreen.storyboard; sourceTree = "<group>"; };
		4D5B5653232B87AB00AFD8D0 /* Info.plist */ = {isa = PBXFileReference; lastKnownFileType = text.plist.xml; path = Info.plist; sourceTree = "<group>"; };
		4D5B565E232B87AB00AFD8D0 /* Info.plist */ = {isa = PBXFileReference; lastKnownFileType = text.plist.xml; path = Info.plist; sourceTree = "<group>"; };
		4D5B5667232B87AB00AFD8D0 /* The_Beer_Project___SwiftUIUITests.swift */ = {isa = PBXFileReference; lastKnownFileType = sourcecode.swift; path = "The_Beer_Project___SwiftUIUITests.swift"; sourceTree = "<group>"; };
		4D5B5669232B87AB00AFD8D0 /* Info.plist */ = {isa = PBXFileReference; lastKnownFileType = text.plist.xml; path = Info.plist; sourceTree = "<group>"; };
		4D5B5675232B8EBC00AFD8D0 /* ColorsEnum.swift */ = {isa = PBXFileReference; lastKnownFileType = sourcecode.swift; path = ColorsEnum.swift; sourceTree = "<group>"; };
		4D5B567A232B92A200AFD8D0 /* Amount.swift */ = {isa = PBXFileReference; fileEncoding = 4; lastKnownFileType = sourcecode.swift; path = Amount.swift; sourceTree = "<group>"; };
		4D5B567B232B92A200AFD8D0 /* Volume.swift */ = {isa = PBXFileReference; fileEncoding = 4; lastKnownFileType = sourcecode.swift; path = Volume.swift; sourceTree = "<group>"; };
		4D5B567C232B92A200AFD8D0 /* Beer.swift */ = {isa = PBXFileReference; fileEncoding = 4; lastKnownFileType = sourcecode.swift; path = Beer.swift; sourceTree = "<group>"; };
		4D5B567D232B92A200AFD8D0 /* Temp.swift */ = {isa = PBXFileReference; fileEncoding = 4; lastKnownFileType = sourcecode.swift; path = Temp.swift; sourceTree = "<group>"; };
		4D5B567E232B92A200AFD8D0 /* Fermentation.swift */ = {isa = PBXFileReference; fileEncoding = 4; lastKnownFileType = sourcecode.swift; path = Fermentation.swift; sourceTree = "<group>"; };
		4D5B567F232B92A200AFD8D0 /* Hops.swift */ = {isa = PBXFileReference; fileEncoding = 4; lastKnownFileType = sourcecode.swift; path = Hops.swift; sourceTree = "<group>"; };
		4D5B5680232B92A200AFD8D0 /* Method.swift */ = {isa = PBXFileReference; fileEncoding = 4; lastKnownFileType = sourcecode.swift; path = Method.swift; sourceTree = "<group>"; };
		4D5B5681232B92A200AFD8D0 /* Malt.swift */ = {isa = PBXFileReference; fileEncoding = 4; lastKnownFileType = sourcecode.swift; path = Malt.swift; sourceTree = "<group>"; };
		4D5B5682232B92A300AFD8D0 /* MashTemp.swift */ = {isa = PBXFileReference; fileEncoding = 4; lastKnownFileType = sourcecode.swift; path = MashTemp.swift; sourceTree = "<group>"; };
		4D5B5683232B92A300AFD8D0 /* BoilVolume.swift */ = {isa = PBXFileReference; fileEncoding = 4; lastKnownFileType = sourcecode.swift; path = BoilVolume.swift; sourceTree = "<group>"; };
		4D5B5684232B92A300AFD8D0 /* Ingredients.swift */ = {isa = PBXFileReference; fileEncoding = 4; lastKnownFileType = sourcecode.swift; path = Ingredients.swift; sourceTree = "<group>"; };
		4D5B5691232B92F300AFD8D0 /* API.swift */ = {isa = PBXFileReference; fileEncoding = 4; lastKnownFileType = sourcecode.swift; path = API.swift; sourceTree = "<group>"; };
		4D5B5692232B92F300AFD8D0 /* NetworkManager.swift */ = {isa = PBXFileReference; fileEncoding = 4; lastKnownFileType = sourcecode.swift; path = NetworkManager.swift; sourceTree = "<group>"; };
		4D5B5699232B970800AFD8D0 /* BeerListItem.swift */ = {isa = PBXFileReference; lastKnownFileType = sourcecode.swift; path = BeerListItem.swift; sourceTree = "<group>"; };
		4D5B569B232B987800AFD8D0 /* SharedMock.swift */ = {isa = PBXFileReference; lastKnownFileType = sourcecode.swift; path = SharedMock.swift; sourceTree = "<group>"; };
		4D5B569D232B98CA00AFD8D0 /* Beers.json */ = {isa = PBXFileReference; lastKnownFileType = text.json; path = Beers.json; sourceTree = "<group>"; };
		4D5B569F232BA56300AFD8D0 /* HomeViewModel.swift */ = {isa = PBXFileReference; lastKnownFileType = sourcecode.swift; path = HomeViewModel.swift; sourceTree = "<group>"; };
		BF028DBD72CFA552C1C39604 /* Pods-The Beer Project - SwiftUI.debug.xcconfig */ = {isa = PBXFileReference; includeInIndex = 1; lastKnownFileType = text.xcconfig; name = "Pods-The Beer Project - SwiftUI.debug.xcconfig"; path = "Target Support Files/Pods-The Beer Project - SwiftUI/Pods-The Beer Project - SwiftUI.debug.xcconfig"; sourceTree = "<group>"; };
		C7AE9F3F8F802CA1E568287C /* Pods_The_Beer_Project___SwiftUI.framework */ = {isa = PBXFileReference; explicitFileType = wrapper.framework; includeInIndex = 0; path = "Pods_The_Beer_Project___SwiftUI.framework"; sourceTree = BUILT_PRODUCTS_DIR; };
/* End PBXFileReference section */

/* Begin PBXFrameworksBuildPhase section */
		4D5B563F232B87A900AFD8D0 /* Frameworks */ = {
			isa = PBXFrameworksBuildPhase;
			buildActionMask = 2147483647;
			files = (
				4D5B5698232B95B300AFD8D0 /* URLImage in Frameworks */,
				56C6184FB8FD8DD8E3536119 /* Pods_The_Beer_Project___SwiftUI.framework in Frameworks */,
			);
			runOnlyForDeploymentPostprocessing = 0;
		};
/* End PBXFrameworksBuildPhase section */

/* Begin PBXGroup section */
		146E9A2FB4274CD838A82FA8 /* Frameworks */ = {
			isa = PBXGroup;
			children = (
				C7AE9F3F8F802CA1E568287C /* Pods_The_Beer_Project___SwiftUI.framework */,
			);
			name = Frameworks;
			sourceTree = "<group>";
		};
		4D5B5639232B87A900AFD8D0 = {
			isa = PBXGroup;
			children = (
				4D5B5644232B87A900AFD8D0 /* The Beer Project - SwiftUI */,
				4D5B565B232B87AB00AFD8D0 /* The Beer Project - SwiftUITests */,
				4D5B5666232B87AB00AFD8D0 /* The Beer Project - SwiftUIUITests */,
				4D5B5643232B87A900AFD8D0 /* Products */,
				7539B83D673135315C5FDB11 /* Pods */,
				146E9A2FB4274CD838A82FA8 /* Frameworks */,
			);
			sourceTree = "<group>";
		};
		4D5B5643232B87A900AFD8D0 /* Products */ = {
			isa = PBXGroup;
			children = (
				4D5B5642232B87A900AFD8D0 /* The Beer Project - SwiftUI.app */,
			);
			name = Products;
			sourceTree = "<group>";
		};
		4D5B5644232B87A900AFD8D0 /* The Beer Project - SwiftUI */ = {
			isa = PBXGroup;
			children = (
				4D5B569B232B987800AFD8D0 /* SharedMock.swift */,
				4D5B569D232B98CA00AFD8D0 /* Beers.json */,
				4D5B5695232B92F800AFD8D0 /* Networking */,
				4D5B5690232B92AB00AFD8D0 /* Models */,
				4D5B5677232B8F3200AFD8D0 /* Utils */,
				4D5B5645232B87A900AFD8D0 /* AppDelegate.swift */,
				4D5B5647232B87A900AFD8D0 /* SceneDelegate.swift */,
				4D5B5649232B87A900AFD8D0 /* HomeView.swift */,
				4D5B569F232BA56300AFD8D0 /* HomeViewModel.swift */,
				309430072331058400794F8D /* SearchStringObservable.swift */,
				4D5B5699232B970800AFD8D0 /* BeerListItem.swift */,
				4D5B564B232B87AB00AFD8D0 /* Assets.xcassets */,
				4D5B5650232B87AB00AFD8D0 /* LaunchScreen.storyboard */,
				4D5B5653232B87AB00AFD8D0 /* Info.plist */,
				4D5B564D232B87AB00AFD8D0 /* Preview Content */,
			);
			path = "The Beer Project - SwiftUI";
			sourceTree = "<group>";
		};
		4D5B564D232B87AB00AFD8D0 /* Preview Content */ = {
			isa = PBXGroup;
			children = (
				4D5B564E232B87AB00AFD8D0 /* Preview Assets.xcassets */,
			);
			path = "Preview Content";
			sourceTree = "<group>";
		};
		4D5B565B232B87AB00AFD8D0 /* The Beer Project - SwiftUITests */ = {
			isa = PBXGroup;
			children = (
				4D5B565E232B87AB00AFD8D0 /* Info.plist */,
			);
			path = "The Beer Project - SwiftUITests";
			sourceTree = "<group>";
		};
		4D5B5666232B87AB00AFD8D0 /* The Beer Project - SwiftUIUITests */ = {
			isa = PBXGroup;
			children = (
				4D5B5667232B87AB00AFD8D0 /* The_Beer_Project___SwiftUIUITests.swift */,
				4D5B5669232B87AB00AFD8D0 /* Info.plist */,
			);
			path = "The Beer Project - SwiftUIUITests";
			sourceTree = "<group>";
		};
		4D5B5677232B8F3200AFD8D0 /* Utils */ = {
			isa = PBXGroup;
			children = (
				4D5B5675232B8EBC00AFD8D0 /* ColorsEnum.swift */,
			);
			path = Utils;
			sourceTree = "<group>";
		};
		4D5B5690232B92AB00AFD8D0 /* Models */ = {
			isa = PBXGroup;
			children = (
				4D5B567A232B92A200AFD8D0 /* Amount.swift */,
				4D5B567C232B92A200AFD8D0 /* Beer.swift */,
				4D5B5683232B92A300AFD8D0 /* BoilVolume.swift */,
				4D5B567E232B92A200AFD8D0 /* Fermentation.swift */,
				4D5B567F232B92A200AFD8D0 /* Hops.swift */,
				4D5B5684232B92A300AFD8D0 /* Ingredients.swift */,
				4D5B5681232B92A200AFD8D0 /* Malt.swift */,
				4D5B5682232B92A300AFD8D0 /* MashTemp.swift */,
				4D5B5680232B92A200AFD8D0 /* Method.swift */,
				4D5B567D232B92A200AFD8D0 /* Temp.swift */,
				4D5B567B232B92A200AFD8D0 /* Volume.swift */,
			);
			path = Models;
			sourceTree = "<group>";
		};
		4D5B5695232B92F800AFD8D0 /* Networking */ = {
			isa = PBXGroup;
			children = (
				4D5B5691232B92F300AFD8D0 /* API.swift */,
				4D5B5692232B92F300AFD8D0 /* NetworkManager.swift */,
			);
			path = Networking;
			sourceTree = "<group>";
		};
		7539B83D673135315C5FDB11 /* Pods */ = {
			isa = PBXGroup;
			children = (
				BF028DBD72CFA552C1C39604 /* Pods-The Beer Project - SwiftUI.debug.xcconfig */,
				086DB973C9451148B1E59509 /* Pods-The Beer Project - SwiftUI.release.xcconfig */,
			);
			path = Pods;
			sourceTree = "<group>";
		};
/* End PBXGroup section */

/* Begin PBXNativeTarget section */
		4D5B5641232B87A900AFD8D0 /* The Beer Project - SwiftUI */ = {
			isa = PBXNativeTarget;
			buildConfigurationList = 4D5B566C232B87AB00AFD8D0 /* Build configuration list for PBXNativeTarget "The Beer Project - SwiftUI" */;
			buildPhases = (
				96EE72800909808399088403 /* [CP] Check Pods Manifest.lock */,
				4D5B563E232B87A900AFD8D0 /* Sources */,
				4D5B563F232B87A900AFD8D0 /* Frameworks */,
				4D5B5640232B87A900AFD8D0 /* Resources */,
				7534C0E68879D253B743E88B /* [CP] Embed Pods Frameworks */,
			);
			buildRules = (
			);
			dependencies = (
			);
			name = "The Beer Project - SwiftUI";
			packageProductDependencies = (
				4D5B5697232B95B300AFD8D0 /* URLImage */,
			);
			productName = "The Beer Project - SwiftUI";
			productReference = 4D5B5642232B87A900AFD8D0 /* The Beer Project - SwiftUI.app */;
			productType = "com.apple.product-type.application";
		};
/* End PBXNativeTarget section */

/* Begin PBXProject section */
		4D5B563A232B87A900AFD8D0 /* Project object */ = {
			isa = PBXProject;
			attributes = {
				LastSwiftUpdateCheck = 1100;
				LastUpgradeCheck = 1100;
				ORGANIZATIONNAME = "nunzio giulio caggegi";
				TargetAttributes = {
					4D5B5641232B87A900AFD8D0 = {
						CreatedOnToolsVersion = 11.0;
					};
				};
			};
			buildConfigurationList = 4D5B563D232B87A900AFD8D0 /* Build configuration list for PBXProject "The Beer Project - SwiftUI" */;
			compatibilityVersion = "Xcode 9.3";
			developmentRegion = en;
			hasScannedForEncodings = 0;
			knownRegions = (
				en,
				Base,
			);
			mainGroup = 4D5B5639232B87A900AFD8D0;
			packageReferences = (
				4D5B5696232B95B300AFD8D0 /* XCRemoteSwiftPackageReference "url-image" */,
			);
			productRefGroup = 4D5B5643232B87A900AFD8D0 /* Products */;
			projectDirPath = "";
			projectRoot = "";
			targets = (
				4D5B5641232B87A900AFD8D0 /* The Beer Project - SwiftUI */,
			);
		};
/* End PBXProject section */

/* Begin PBXResourcesBuildPhase section */
		4D5B5640232B87A900AFD8D0 /* Resources */ = {
			isa = PBXResourcesBuildPhase;
			buildActionMask = 2147483647;
			files = (
				4D5B5652232B87AB00AFD8D0 /* LaunchScreen.storyboard in Resources */,
				4D5B564F232B87AB00AFD8D0 /* Preview Assets.xcassets in Resources */,
				4D5B564C232B87AB00AFD8D0 /* Assets.xcassets in Resources */,
				4D5B569E232B98CA00AFD8D0 /* Beers.json in Resources */,
			);
			runOnlyForDeploymentPostprocessing = 0;
		};
/* End PBXResourcesBuildPhase section */

/* Begin PBXShellScriptBuildPhase section */
		7534C0E68879D253B743E88B /* [CP] Embed Pods Frameworks */ = {
			isa = PBXShellScriptBuildPhase;
			buildActionMask = 2147483647;
			files = (
			);
			inputFileListPaths = (
				"${PODS_ROOT}/Target Support Files/Pods-The Beer Project - SwiftUI/Pods-The Beer Project - SwiftUI-frameworks-${CONFIGURATION}-input-files.xcfilelist",
			);
			name = "[CP] Embed Pods Frameworks";
			outputFileListPaths = (
				"${PODS_ROOT}/Target Support Files/Pods-The Beer Project - SwiftUI/Pods-The Beer Project - SwiftUI-frameworks-${CONFIGURATION}-output-files.xcfilelist",
			);
			runOnlyForDeploymentPostprocessing = 0;
			shellPath = /bin/sh;
			shellScript = "\"${PODS_ROOT}/Target Support Files/Pods-The Beer Project - SwiftUI/Pods-The Beer Project - SwiftUI-frameworks.sh\"\n";
			showEnvVarsInLog = 0;
		};
		96EE72800909808399088403 /* [CP] Check Pods Manifest.lock */ = {
			isa = PBXShellScriptBuildPhase;
			buildActionMask = 2147483647;
			files = (
			);
			inputFileListPaths = (
			);
			inputPaths = (
				"${PODS_PODFILE_DIR_PATH}/Podfile.lock",
				"${PODS_ROOT}/Manifest.lock",
			);
			name = "[CP] Check Pods Manifest.lock";
			outputFileListPaths = (
			);
			outputPaths = (
				"$(DERIVED_FILE_DIR)/Pods-The Beer Project - SwiftUI-checkManifestLockResult.txt",
			);
			runOnlyForDeploymentPostprocessing = 0;
			shellPath = /bin/sh;
			shellScript = "diff \"${PODS_PODFILE_DIR_PATH}/Podfile.lock\" \"${PODS_ROOT}/Manifest.lock\" > /dev/null\nif [ $? != 0 ] ; then\n    # print error to STDERR\n    echo \"error: The sandbox is not in sync with the Podfile.lock. Run 'pod install' or update your CocoaPods installation.\" >&2\n    exit 1\nfi\n# This output is used by Xcode 'outputs' to avoid re-running this script phase.\necho \"SUCCESS\" > \"${SCRIPT_OUTPUT_FILE_0}\"\n";
			showEnvVarsInLog = 0;
		};
/* End PBXShellScriptBuildPhase section */

/* Begin PBXSourcesBuildPhase section */
		4D5B563E232B87A900AFD8D0 /* Sources */ = {
			isa = PBXSourcesBuildPhase;
			buildActionMask = 2147483647;
			files = (
				4D5B5685232B92A300AFD8D0 /* Amount.swift in Sources */,
				4D5B568A232B92A300AFD8D0 /* Hops.swift in Sources */,
				4D5B5646232B87A900AFD8D0 /* AppDelegate.swift in Sources */,
				4D5B56A0232BA56300AFD8D0 /* HomeViewModel.swift in Sources */,
				4D5B5648232B87A900AFD8D0 /* SceneDelegate.swift in Sources */,
				4D5B569A232B970800AFD8D0 /* BeerListItem.swift in Sources */,
				4D5B5688232B92A300AFD8D0 /* Temp.swift in Sources */,
				4D5B5686232B92A300AFD8D0 /* Volume.swift in Sources */,
				4D5B5676232B8EBC00AFD8D0 /* ColorsEnum.swift in Sources */,
				4D5B5687232B92A300AFD8D0 /* Beer.swift in Sources */,
				4D5B564A232B87A900AFD8D0 /* HomeView.swift in Sources */,
				4D5B568E232B92A300AFD8D0 /* BoilVolume.swift in Sources */,
				309430082331058400794F8D /* SearchStringObservable.swift in Sources */,
				4D5B5694232B92F300AFD8D0 /* NetworkManager.swift in Sources */,
				4D5B568D232B92A300AFD8D0 /* MashTemp.swift in Sources */,
				4D5B5689232B92A300AFD8D0 /* Fermentation.swift in Sources */,
				4D5B568B232B92A300AFD8D0 /* Method.swift in Sources */,
				4D5B568F232B92A300AFD8D0 /* Ingredients.swift in Sources */,
				4D5B5693232B92F300AFD8D0 /* API.swift in Sources */,
				4D5B568C232B92A300AFD8D0 /* Malt.swift in Sources */,
				4D5B569C232B987800AFD8D0 /* SharedMock.swift in Sources */,
			);
			runOnlyForDeploymentPostprocessing = 0;
		};
/* End PBXSourcesBuildPhase section */

/* Begin PBXVariantGroup section */
		4D5B5650232B87AB00AFD8D0 /* LaunchScreen.storyboard */ = {
			isa = PBXVariantGroup;
			children = (
				4D5B5651232B87AB00AFD8D0 /* Base */,
			);
			name = LaunchScreen.storyboard;
			sourceTree = "<group>";
		};
/* End PBXVariantGroup section */

/* Begin XCBuildConfiguration section */
		4D5B566A232B87AB00AFD8D0 /* Debug */ = {
			isa = XCBuildConfiguration;
			buildSettings = {
				ALWAYS_SEARCH_USER_PATHS = NO;
				CLANG_ANALYZER_NONNULL = YES;
				CLANG_ANALYZER_NUMBER_OBJECT_CONVERSION = YES_AGGRESSIVE;
				CLANG_CXX_LANGUAGE_STANDARD = "gnu++14";
				CLANG_CXX_LIBRARY = "libc++";
				CLANG_ENABLE_MODULES = YES;
				CLANG_ENABLE_OBJC_ARC = YES;
				CLANG_ENABLE_OBJC_WEAK = YES;
				CLANG_WARN_BLOCK_CAPTURE_AUTORELEASING = YES;
				CLANG_WARN_BOOL_CONVERSION = YES;
				CLANG_WARN_COMMA = YES;
				CLANG_WARN_CONSTANT_CONVERSION = YES;
				CLANG_WARN_DEPRECATED_OBJC_IMPLEMENTATIONS = YES;
				CLANG_WARN_DIRECT_OBJC_ISA_USAGE = YES_ERROR;
				CLANG_WARN_DOCUMENTATION_COMMENTS = YES;
				CLANG_WARN_EMPTY_BODY = YES;
				CLANG_WARN_ENUM_CONVERSION = YES;
				CLANG_WARN_INFINITE_RECURSION = YES;
				CLANG_WARN_INT_CONVERSION = YES;
				CLANG_WARN_NON_LITERAL_NULL_CONVERSION = YES;
				CLANG_WARN_OBJC_IMPLICIT_RETAIN_SELF = YES;
				CLANG_WARN_OBJC_LITERAL_CONVERSION = YES;
				CLANG_WARN_OBJC_ROOT_CLASS = YES_ERROR;
				CLANG_WARN_RANGE_LOOP_ANALYSIS = YES;
				CLANG_WARN_STRICT_PROTOTYPES = YES;
				CLANG_WARN_SUSPICIOUS_MOVE = YES;
				CLANG_WARN_UNGUARDED_AVAILABILITY = YES_AGGRESSIVE;
				CLANG_WARN_UNREACHABLE_CODE = YES;
				CLANG_WARN__DUPLICATE_METHOD_MATCH = YES;
				COPY_PHASE_STRIP = NO;
				DEBUG_INFORMATION_FORMAT = dwarf;
				ENABLE_STRICT_OBJC_MSGSEND = YES;
				ENABLE_TESTABILITY = YES;
				GCC_C_LANGUAGE_STANDARD = gnu11;
				GCC_DYNAMIC_NO_PIC = NO;
				GCC_NO_COMMON_BLOCKS = YES;
				GCC_OPTIMIZATION_LEVEL = 0;
				GCC_PREPROCESSOR_DEFINITIONS = (
					"DEBUG=1",
					"$(inherited)",
				);
				GCC_WARN_64_TO_32_BIT_CONVERSION = YES;
				GCC_WARN_ABOUT_RETURN_TYPE = YES_ERROR;
				GCC_WARN_UNDECLARED_SELECTOR = YES;
				GCC_WARN_UNINITIALIZED_AUTOS = YES_AGGRESSIVE;
				GCC_WARN_UNUSED_FUNCTION = YES;
				GCC_WARN_UNUSED_VARIABLE = YES;
				IPHONEOS_DEPLOYMENT_TARGET = 13.0;
				MTL_ENABLE_DEBUG_INFO = INCLUDE_SOURCE;
				MTL_FAST_MATH = YES;
				ONLY_ACTIVE_ARCH = YES;
				SDKROOT = iphoneos;
				SWIFT_ACTIVE_COMPILATION_CONDITIONS = DEBUG;
				SWIFT_OPTIMIZATION_LEVEL = "-Onone";
			};
			name = Debug;
		};
		4D5B566B232B87AB00AFD8D0 /* Release */ = {
			isa = XCBuildConfiguration;
			buildSettings = {
				ALWAYS_SEARCH_USER_PATHS = NO;
				CLANG_ANALYZER_NONNULL = YES;
				CLANG_ANALYZER_NUMBER_OBJECT_CONVERSION = YES_AGGRESSIVE;
				CLANG_CXX_LANGUAGE_STANDARD = "gnu++14";
				CLANG_CXX_LIBRARY = "libc++";
				CLANG_ENABLE_MODULES = YES;
				CLANG_ENABLE_OBJC_ARC = YES;
				CLANG_ENABLE_OBJC_WEAK = YES;
				CLANG_WARN_BLOCK_CAPTURE_AUTORELEASING = YES;
				CLANG_WARN_BOOL_CONVERSION = YES;
				CLANG_WARN_COMMA = YES;
				CLANG_WARN_CONSTANT_CONVERSION = YES;
				CLANG_WARN_DEPRECATED_OBJC_IMPLEMENTATIONS = YES;
				CLANG_WARN_DIRECT_OBJC_ISA_USAGE = YES_ERROR;
				CLANG_WARN_DOCUMENTATION_COMMENTS = YES;
				CLANG_WARN_EMPTY_BODY = YES;
				CLANG_WARN_ENUM_CONVERSION = YES;
				CLANG_WARN_INFINITE_RECURSION = YES;
				CLANG_WARN_INT_CONVERSION = YES;
				CLANG_WARN_NON_LITERAL_NULL_CONVERSION = YES;
				CLANG_WARN_OBJC_IMPLICIT_RETAIN_SELF = YES;
				CLANG_WARN_OBJC_LITERAL_CONVERSION = YES;
				CLANG_WARN_OBJC_ROOT_CLASS = YES_ERROR;
				CLANG_WARN_RANGE_LOOP_ANALYSIS = YES;
				CLANG_WARN_STRICT_PROTOTYPES = YES;
				CLANG_WARN_SUSPICIOUS_MOVE = YES;
				CLANG_WARN_UNGUARDED_AVAILABILITY = YES_AGGRESSIVE;
				CLANG_WARN_UNREACHABLE_CODE = YES;
				CLANG_WARN__DUPLICATE_METHOD_MATCH = YES;
				COPY_PHASE_STRIP = NO;
				DEBUG_INFORMATION_FORMAT = "dwarf-with-dsym";
				ENABLE_NS_ASSERTIONS = NO;
				ENABLE_STRICT_OBJC_MSGSEND = YES;
				GCC_C_LANGUAGE_STANDARD = gnu11;
				GCC_NO_COMMON_BLOCKS = YES;
				GCC_WARN_64_TO_32_BIT_CONVERSION = YES;
				GCC_WARN_ABOUT_RETURN_TYPE = YES_ERROR;
				GCC_WARN_UNDECLARED_SELECTOR = YES;
				GCC_WARN_UNINITIALIZED_AUTOS = YES_AGGRESSIVE;
				GCC_WARN_UNUSED_FUNCTION = YES;
				GCC_WARN_UNUSED_VARIABLE = YES;
				IPHONEOS_DEPLOYMENT_TARGET = 13.0;
				MTL_ENABLE_DEBUG_INFO = NO;
				MTL_FAST_MATH = YES;
				SDKROOT = iphoneos;
				SWIFT_COMPILATION_MODE = wholemodule;
				SWIFT_OPTIMIZATION_LEVEL = "-O";
				VALIDATE_PRODUCT = YES;
			};
			name = Release;
		};
		4D5B566D232B87AB00AFD8D0 /* Debug */ = {
			isa = XCBuildConfiguration;
			baseConfigurationReference = BF028DBD72CFA552C1C39604 /* Pods-The Beer Project - SwiftUI.debug.xcconfig */;
			buildSettings = {
				ASSETCATALOG_COMPILER_APPICON_NAME = AppIcon;
				CODE_SIGN_STYLE = Automatic;
				DEVELOPMENT_ASSET_PATHS = "\"The Beer Project - SwiftUI/Preview Content\"";
				DEVELOPMENT_TEAM = GF6WZHA9DX;
				ENABLE_PREVIEWS = YES;
				INFOPLIST_FILE = "The Beer Project - SwiftUI/Info.plist";
				LD_RUNPATH_SEARCH_PATHS = (
					"$(inherited)",
					"@executable_path/Frameworks",
				);
				PRODUCT_BUNDLE_IDENTIFIER = "com.ncg.theBeerProj-SwiftUI.The-Beer-Project---SwiftUI";
				PRODUCT_NAME = "$(TARGET_NAME)";
				SWIFT_VERSION = 5.0;
				TARGETED_DEVICE_FAMILY = "1,2";
			};
			name = Debug;
		};
		4D5B566E232B87AB00AFD8D0 /* Release */ = {
			isa = XCBuildConfiguration;
			baseConfigurationReference = 086DB973C9451148B1E59509 /* Pods-The Beer Project - SwiftUI.release.xcconfig */;
			buildSettings = {
				ASSETCATALOG_COMPILER_APPICON_NAME = AppIcon;
				CODE_SIGN_STYLE = Automatic;
				DEVELOPMENT_ASSET_PATHS = "\"The Beer Project - SwiftUI/Preview Content\"";
				DEVELOPMENT_TEAM = GF6WZHA9DX;
				ENABLE_PREVIEWS = YES;
				INFOPLIST_FILE = "The Beer Project - SwiftUI/Info.plist";
				LD_RUNPATH_SEARCH_PATHS = (
					"$(inherited)",
					"@executable_path/Frameworks",
				);
				PRODUCT_BUNDLE_IDENTIFIER = "com.ncg.theBeerProj-SwiftUI.The-Beer-Project---SwiftUI";
				PRODUCT_NAME = "$(TARGET_NAME)";
				SWIFT_VERSION = 5.0;
				TARGETED_DEVICE_FAMILY = "1,2";
			};
			name = Release;
		};
/* End XCBuildConfiguration section */

/* Begin XCConfigurationList section */
		4D5B563D232B87A900AFD8D0 /* Build configuration list for PBXProject "The Beer Project - SwiftUI" */ = {
			isa = XCConfigurationList;
			buildConfigurations = (
				4D5B566A232B87AB00AFD8D0 /* Debug */,
				4D5B566B232B87AB00AFD8D0 /* Release */,
			);
			defaultConfigurationIsVisible = 0;
			defaultConfigurationName = Release;
		};
		4D5B566C232B87AB00AFD8D0 /* Build configuration list for PBXNativeTarget "The Beer Project - SwiftUI" */ = {
			isa = XCConfigurationList;
			buildConfigurations = (
				4D5B566D232B87AB00AFD8D0 /* Debug */,
				4D5B566E232B87AB00AFD8D0 /* Release */,
			);
			defaultConfigurationIsVisible = 0;
			defaultConfigurationName = Release;
		};
/* End XCConfigurationList section */

/* Begin XCRemoteSwiftPackageReference section */
		4D5B5696232B95B300AFD8D0 /* XCRemoteSwiftPackageReference "url-image" */ = {
			isa = XCRemoteSwiftPackageReference;
			repositoryURL = "https://github.com/dmytro-anokhin/url-image.git";
			requirement = {
				kind = upToNextMajorVersion;
				minimumVersion = 0.6.1;
			};
		};
/* End XCRemoteSwiftPackageReference section */

/* Begin XCSwiftPackageProductDependency section */
		4D5B5697232B95B300AFD8D0 /* URLImage */ = {
			isa = XCSwiftPackageProductDependency;
			package = 4D5B5696232B95B300AFD8D0 /* XCRemoteSwiftPackageReference "url-image" */;
			productName = URLImage;
		};
/* End XCSwiftPackageProductDependency section */
	};
	rootObject = 4D5B563A232B87A900AFD8D0 /* Project object */;
}
